
Microsoft Visual Studio Solution File, Format Version 12.00
# Visual Studio 15
VisualStudioVersion = 15.0.27703.2042
MinimumVisualStudioVersion = 10.0.40219.1
Project("{FAE04EC0-301F-11D3-BF4B-00C04F79EFBC}") = "ShopMaiHien", "ShopMaiHien\ShopMaiHien.csproj", "{65EBC487-760A-4804-BFF8-054E39C39871}"
EndProject
Global
	GlobalSection(SolutionConfigurationPlatforms) = preSolution
		Debug|Any CPU = Debug|Any CPU
		Release|Any CPU = Release|Any CPU
	EndGlobalSection
	GlobalSection(ProjectConfigurationPlatforms) = postSolution
		{65EBC487-760A-4804-BFF8-054E39C39871}.Debug|Any CPU.ActiveCfg = Debug|Any CPU
		{65EBC487-760A-4804-BFF8-054E39C39871}.Debug|Any CPU.Build.0 = Debug|Any CPU
		{65EBC487-760A-4804-BFF8-054E39C39871}.Release|Any CPU.ActiveCfg = Release|Any CPU
		{65EBC487-760A-4804-BFF8-054E39C39871}.Release|Any CPU.Build.0 = Release|Any CPU
	EndGlobalSection
	GlobalSection(SolutionProperties) = preSolution
		HideSolutionNode = FALSE
	EndGlobalSection
	GlobalSection(ExtensibilityGlobals) = postSolution
		SolutionGuid = {0725114C-C158-4149-B4AE-9721FFD80C16}
	EndGlobalSection
EndGlobal
